{
  "name": "lib",
  "version": "1.0.0",
  "lockfileVersion": 1,
  "requires": true,
  "dependencies": {
    "ll1-grammar": {
      "version": "1.0.6",
      "resolved": "https://registry.npmjs.org/ll1-grammar/-/ll1-grammar-1.0.6.tgz",
      "integrity": "sha512-Hkb0qyOMprY4UBsKBr5DmLAHXCsZpo9K58nVuOOpTkTHpMwsRXu5iiD8neCj0A+V1oSGmvZOl42qGSsmJ1ypbQ=="
    }
  }
}
